// !$*UTF8*$!
{
	archiveVersion = 1;
	classes = {
	};
	objectVersion = 56;
	objects = {

/* Begin PBXBuildFile section */
		566DBAE12AF2EBFE005922ED /* AppDelegate.swift in Sources */ = {isa = PBXBuildFile; fileRef = 566DBAE02AF2EBFE005922ED /* AppDelegate.swift */; };
		566DBAE32AF2EBFE005922ED /* SceneDelegate.swift in Sources */ = {isa = PBXBuildFile; fileRef = 566DBAE22AF2EBFE005922ED /* SceneDelegate.swift */; };
		566DBAE52AF2EBFE005922ED /* ViewController.swift in Sources */ = {isa = PBXBuildFile; fileRef = 566DBAE42AF2EBFE005922ED /* ViewController.swift */; };
		566DBAE82AF2EBFE005922ED /* Main.storyboard in Resources */ = {isa = PBXBuildFile; fileRef = 566DBAE62AF2EBFE005922ED /* Main.storyboard */; };
		566DBAEA2AF2EC01005922ED /* Assets.xcassets in Resources */ = {isa = PBXBuildFile; fileRef = 566DBAE92AF2EC01005922ED /* Assets.xcassets */; };
		566DBAED2AF2EC01005922ED /* LaunchScreen.storyboard in Resources */ = {isa = PBXBuildFile; fileRef = 566DBAEB2AF2EC01005922ED /* LaunchScreen.storyboard */; };
		566DBAF82AF2EC01005922ED /* BrasilApiTests.swift in Sources */ = {isa = PBXBuildFile; fileRef = 566DBAF72AF2EC01005922ED /* BrasilApiTests.swift */; };
		566DBB022AF2EC01005922ED /* BrasilApiUITests.swift in Sources */ = {isa = PBXBuildFile; fileRef = 566DBB012AF2EC01005922ED /* BrasilApiUITests.swift */; };
		566DBB042AF2EC01005922ED /* BrasilApiUITestsLaunchTests.swift in Sources */ = {isa = PBXBuildFile; fileRef = 566DBB032AF2EC01005922ED /* BrasilApiUITestsLaunchTests.swift */; };
		566DBB122AF2EC22005922ED /* BrasilApiManager.swift in Sources */ = {isa = PBXBuildFile; fileRef = 566DBB112AF2EC22005922ED /* BrasilApiManager.swift */; };
		566DBB142AF2EC33005922ED /* BrasilBankData.swift in Sources */ = {isa = PBXBuildFile; fileRef = 566DBB132AF2EC33005922ED /* BrasilBankData.swift */; };
		56A8E34B2AF5A16800FF2E0A /* BrasilCEPData.swift in Sources */ = {isa = PBXBuildFile; fileRef = 56A8E34A2AF5A16800FF2E0A /* BrasilCEPData.swift */; };
		56A8E34E2AF5A24F00FF2E0A /* BrasilCNPJData.swift in Sources */ = {isa = PBXBuildFile; fileRef = 56A8E34D2AF5A24F00FF2E0A /* BrasilCNPJData.swift */; };
		56A8E3512AF5A4FB00FF2E0A /* BrasilCorretoraData.swift in Sources */ = {isa = PBXBuildFile; fileRef = 56A8E3502AF5A4FB00FF2E0A /* BrasilCorretoraData.swift */; };
		56A8E3542AF5A60600FF2E0A /* BrasilCptecData.swift in Sources */ = {isa = PBXBuildFile; fileRef = 56A8E3532AF5A60600FF2E0A /* BrasilCptecData.swift */; };
		56A8E3572AF5A80800FF2E0A /* BrasilDDDData.swift in Sources */ = {isa = PBXBuildFile; fileRef = 56A8E3562AF5A80800FF2E0A /* BrasilDDDData.swift */; };
		56A8E35A2AF5A83900FF2E0A /* BrasilFeriados.swift in Sources */ = {isa = PBXBuildFile; fileRef = 56A8E3592AF5A83900FF2E0A /* BrasilFeriados.swift */; };
		56A8E35D2AF5A88400FF2E0A /* BrasilFIPEData.swift in Sources */ = {isa = PBXBuildFile; fileRef = 56A8E35C2AF5A88400FF2E0A /* BrasilFIPEData.swift */; };
		56A8E3602AF5A93800FF2E0A /* BrasilIBGEData.swift in Sources */ = {isa = PBXBuildFile; fileRef = 56A8E35F2AF5A93800FF2E0A /* BrasilIBGEData.swift */; };
		56A8E3632AF5A9CE00FF2E0A /* BrasilISBNData.swift in Sources */ = {isa = PBXBuildFile; fileRef = 56A8E3622AF5A9CE00FF2E0A /* BrasilISBNData.swift */; };
		56A8E3662AF5AA9600FF2E0A /* BrasilNCMData.swift in Sources */ = {isa = PBXBuildFile; fileRef = 56A8E3652AF5AA9600FF2E0A /* BrasilNCMData.swift */; };
		56A8E3692AF5AAE400FF2E0A /* BrasilPIXData.swift in Sources */ = {isa = PBXBuildFile; fileRef = 56A8E3682AF5AAE400FF2E0A /* BrasilPIXData.swift */; };
		56A8E36C2AF5AB3800FF2E0A /* BrasilRegistroBrData.swift in Sources */ = {isa = PBXBuildFile; fileRef = 56A8E36B2AF5AB3800FF2E0A /* BrasilRegistroBrData.swift */; };
		56A8E36F2AF5AB9C00FF2E0A /* BrasilTaxasData.swift in Sources */ = {isa = PBXBuildFile; fileRef = 56A8E36E2AF5AB9C00FF2E0A /* BrasilTaxasData.swift */; };
		56A8E3712AF5ABF300FF2E0A /* BrasilApiTaxasManager.swift in Sources */ = {isa = PBXBuildFile; fileRef = 56A8E3702AF5ABF300FF2E0A /* BrasilApiTaxasManager.swift */; };
		56A8E3732AF5AC4400FF2E0A /* BrasilApiRegistroBrManager.swift in Sources */ = {isa = PBXBuildFile; fileRef = 56A8E3722AF5AC4400FF2E0A /* BrasilApiRegistroBrManager.swift */; };
		56A8E3752AF5ACB600FF2E0A /* BrasilApiPixManager.swift in Sources */ = {isa = PBXBuildFile; fileRef = 56A8E3742AF5ACB600FF2E0A /* BrasilApiPixManager.swift */; };
		56A8E3772AF5AD0900FF2E0A /* BrasilApiNCMManager.swift in Sources */ = {isa = PBXBuildFile; fileRef = 56A8E3762AF5AD0900FF2E0A /* BrasilApiNCMManager.swift */; };
		56A8E3792AF5AD5A00FF2E0A /* BrasilApiISBNManager.swift in Sources */ = {isa = PBXBuildFile; fileRef = 56A8E3782AF5AD5A00FF2E0A /* BrasilApiISBNManager.swift */; };
		56A8E37B2AF5ADA600FF2E0A /* BrasilApiIBGEManager.swift in Sources */ = {isa = PBXBuildFile; fileRef = 56A8E37A2AF5ADA600FF2E0A /* BrasilApiIBGEManager.swift */; };
		56A8E37D2AF5ADF600FF2E0A /* BrasilApiFipeManager.swift in Sources */ = {isa = PBXBuildFile; fileRef = 56A8E37C2AF5ADF600FF2E0A /* BrasilApiFipeManager.swift */; };
		56A8E37F2AF5AE5000FF2E0A /* BrasilApiFeriadosManager.swift in Sources */ = {isa = PBXBuildFile; fileRef = 56A8E37E2AF5AE5000FF2E0A /* BrasilApiFeriadosManager.swift */; };
		56A8E3812AF5AEB100FF2E0A /* BrasilApiDDDManager.swift in Sources */ = {isa = PBXBuildFile; fileRef = 56A8E3802AF5AEB100FF2E0A /* BrasilApiDDDManager.swift */; };
		56A8E3832AF5AF0600FF2E0A /* BrasilApiCptecData.swift in Sources */ = {isa = PBXBuildFile; fileRef = 56A8E3822AF5AF0600FF2E0A /* BrasilApiCptecData.swift */; };
		56A8E3852AF5B01F00FF2E0A /* BrasilApiCorretoraManager.swift in Sources */ = {isa = PBXBuildFile; fileRef = 56A8E3842AF5B01F00FF2E0A /* BrasilApiCorretoraManager.swift */; };
		56A8E3872AF5B08100FF2E0A /* BrasilApiCnpjManager.swift in Sources */ = {isa = PBXBuildFile; fileRef = 56A8E3862AF5B08100FF2E0A /* BrasilApiCnpjManager.swift */; };
		56A8E3892AF5B0EB00FF2E0A /* BrasilApiCepManager.swift in Sources */ = {isa = PBXBuildFile; fileRef = 56A8E3882AF5B0EB00FF2E0A /* BrasilApiCepManager.swift */; };
		56A8E38B2AF5B14C00FF2E0A /* BrasilApiBankManager.swift in Sources */ = {isa = PBXBuildFile; fileRef = 56A8E38A2AF5B14C00FF2E0A /* BrasilApiBankManager.swift */; };
/* End PBXBuildFile section */

/* Begin PBXContainerItemProxy section */
		566DBAF42AF2EC01005922ED /* PBXContainerItemProxy */ = {
			isa = PBXContainerItemProxy;
			containerPortal = 566DBAD52AF2EBFE005922ED /* Project object */;
			proxyType = 1;
			remoteGlobalIDString = 566DBADC2AF2EBFE005922ED;
			remoteInfo = BrasilApi;
		};
		566DBAFE2AF2EC01005922ED /* PBXContainerItemProxy */ = {
			isa = PBXContainerItemProxy;
			containerPortal = 566DBAD52AF2EBFE005922ED /* Project object */;
			proxyType = 1;
			remoteGlobalIDString = 566DBADC2AF2EBFE005922ED;
			remoteInfo = BrasilApi;
		};
/* End PBXContainerItemProxy section */

/* Begin PBXFileReference section */
		566DBADD2AF2EBFE005922ED /* BrasilApi.app */ = {isa = PBXFileReference; explicitFileType = wrapper.application; includeInIndex = 0; path = BrasilApi.app; sourceTree = BUILT_PRODUCTS_DIR; };
		566DBAE02AF2EBFE005922ED /* AppDelegate.swift */ = {isa = PBXFileReference; lastKnownFileType = sourcecode.swift; path = AppDelegate.swift; sourceTree = "<group>"; };
		566DBAE22AF2EBFE005922ED /* SceneDelegate.swift */ = {isa = PBXFileReference; lastKnownFileType = sourcecode.swift; path = SceneDelegate.swift; sourceTree = "<group>"; };
		566DBAE42AF2EBFE005922ED /* ViewController.swift */ = {isa = PBXFileReference; lastKnownFileType = sourcecode.swift; path = ViewController.swift; sourceTree = "<group>"; };
		566DBAE72AF2EBFE005922ED /* Base */ = {isa = PBXFileReference; lastKnownFileType = file.storyboard; name = Base; path = Base.lproj/Main.storyboard; sourceTree = "<group>"; };
		566DBAE92AF2EC01005922ED /* Assets.xcassets */ = {isa = PBXFileReference; lastKnownFileType = folder.assetcatalog; path = Assets.xcassets; sourceTree = "<group>"; };
		566DBAEC2AF2EC01005922ED /* Base */ = {isa = PBXFileReference; lastKnownFileType = file.storyboard; name = Base; path = Base.lproj/LaunchScreen.storyboard; sourceTree = "<group>"; };
		566DBAEE2AF2EC01005922ED /* Info.plist */ = {isa = PBXFileReference; lastKnownFileType = text.plist.xml; path = Info.plist; sourceTree = "<group>"; };
		566DBAF32AF2EC01005922ED /* BrasilApiTests.xctest */ = {isa = PBXFileReference; explicitFileType = wrapper.cfbundle; includeInIndex = 0; path = BrasilApiTests.xctest; sourceTree = BUILT_PRODUCTS_DIR; };
		566DBAF72AF2EC01005922ED /* BrasilApiTests.swift */ = {isa = PBXFileReference; lastKnownFileType = sourcecode.swift; path = BrasilApiTests.swift; sourceTree = "<group>"; };
		566DBAFD2AF2EC01005922ED /* BrasilApiUITests.xctest */ = {isa = PBXFileReference; explicitFileType = wrapper.cfbundle; includeInIndex = 0; path = BrasilApiUITests.xctest; sourceTree = BUILT_PRODUCTS_DIR; };
		566DBB012AF2EC01005922ED /* BrasilApiUITests.swift */ = {isa = PBXFileReference; lastKnownFileType = sourcecode.swift; path = BrasilApiUITests.swift; sourceTree = "<group>"; };
		566DBB032AF2EC01005922ED /* BrasilApiUITestsLaunchTests.swift */ = {isa = PBXFileReference; lastKnownFileType = sourcecode.swift; path = BrasilApiUITestsLaunchTests.swift; sourceTree = "<group>"; };
		566DBB112AF2EC22005922ED /* BrasilApiManager.swift */ = {isa = PBXFileReference; lastKnownFileType = sourcecode.swift; path = BrasilApiManager.swift; sourceTree = "<group>"; };
		566DBB132AF2EC33005922ED /* BrasilBankData.swift */ = {isa = PBXFileReference; lastKnownFileType = sourcecode.swift; path = BrasilBankData.swift; sourceTree = "<group>"; };
		56A8E34A2AF5A16800FF2E0A /* BrasilCEPData.swift */ = {isa = PBXFileReference; lastKnownFileType = sourcecode.swift; path = BrasilCEPData.swift; sourceTree = "<group>"; };
		56A8E34D2AF5A24F00FF2E0A /* BrasilCNPJData.swift */ = {isa = PBXFileReference; lastKnownFileType = sourcecode.swift; path = BrasilCNPJData.swift; sourceTree = "<group>"; };
		56A8E3502AF5A4FB00FF2E0A /* BrasilCorretoraData.swift */ = {isa = PBXFileReference; lastKnownFileType = sourcecode.swift; path = BrasilCorretoraData.swift; sourceTree = "<group>"; };
		56A8E3532AF5A60600FF2E0A /* BrasilCptecData.swift */ = {isa = PBXFileReference; lastKnownFileType = sourcecode.swift; path = BrasilCptecData.swift; sourceTree = "<group>"; };
		56A8E3562AF5A80800FF2E0A /* BrasilDDDData.swift */ = {isa = PBXFileReference; lastKnownFileType = sourcecode.swift; path = BrasilDDDData.swift; sourceTree = "<group>"; };
		56A8E3592AF5A83900FF2E0A /* BrasilFeriados.swift */ = {isa = PBXFileReference; lastKnownFileType = sourcecode.swift; path = BrasilFeriados.swift; sourceTree = "<group>"; };
		56A8E35C2AF5A88400FF2E0A /* BrasilFIPEData.swift */ = {isa = PBXFileReference; lastKnownFileType = sourcecode.swift; path = BrasilFIPEData.swift; sourceTree = "<group>"; };
		56A8E35F2AF5A93800FF2E0A /* BrasilIBGEData.swift */ = {isa = PBXFileReference; lastKnownFileType = sourcecode.swift; path = BrasilIBGEData.swift; sourceTree = "<group>"; };
		56A8E3622AF5A9CE00FF2E0A /* BrasilISBNData.swift */ = {isa = PBXFileReference; lastKnownFileType = sourcecode.swift; path = BrasilISBNData.swift; sourceTree = "<group>"; };
		56A8E3652AF5AA9600FF2E0A /* BrasilNCMData.swift */ = {isa = PBXFileReference; lastKnownFileType = sourcecode.swift; path = BrasilNCMData.swift; sourceTree = "<group>"; };
		56A8E3682AF5AAE400FF2E0A /* BrasilPIXData.swift */ = {isa = PBXFileReference; lastKnownFileType = sourcecode.swift; path = BrasilPIXData.swift; sourceTree = "<group>"; };
		56A8E36B2AF5AB3800FF2E0A /* BrasilRegistroBrData.swift */ = {isa = PBXFileReference; lastKnownFileType = sourcecode.swift; path = BrasilRegistroBrData.swift; sourceTree = "<group>"; };
		56A8E36E2AF5AB9C00FF2E0A /* BrasilTaxasData.swift */ = {isa = PBXFileReference; lastKnownFileType = sourcecode.swift; path = BrasilTaxasData.swift; sourceTree = "<group>"; };
		56A8E3702AF5ABF300FF2E0A /* BrasilApiTaxasManager.swift */ = {isa = PBXFileReference; lastKnownFileType = sourcecode.swift; path = BrasilApiTaxasManager.swift; sourceTree = "<group>"; };
		56A8E3722AF5AC4400FF2E0A /* BrasilApiRegistroBrManager.swift */ = {isa = PBXFileReference; lastKnownFileType = sourcecode.swift; path = BrasilApiRegistroBrManager.swift; sourceTree = "<group>"; };
		56A8E3742AF5ACB600FF2E0A /* BrasilApiPixManager.swift */ = {isa = PBXFileReference; lastKnownFileType = sourcecode.swift; path = BrasilApiPixManager.swift; sourceTree = "<group>"; };
		56A8E3762AF5AD0900FF2E0A /* BrasilApiNCMManager.swift */ = {isa = PBXFileReference; lastKnownFileType = sourcecode.swift; path = BrasilApiNCMManager.swift; sourceTree = "<group>"; };
		56A8E3782AF5AD5A00FF2E0A /* BrasilApiISBNManager.swift */ = {isa = PBXFileReference; lastKnownFileType = sourcecode.swift; path = BrasilApiISBNManager.swift; sourceTree = "<group>"; };
		56A8E37A2AF5ADA600FF2E0A /* BrasilApiIBGEManager.swift */ = {isa = PBXFileReference; lastKnownFileType = sourcecode.swift; path = BrasilApiIBGEManager.swift; sourceTree = "<group>"; };
		56A8E37C2AF5ADF600FF2E0A /* BrasilApiFipeManager.swift */ = {isa = PBXFileReference; lastKnownFileType = sourcecode.swift; path = BrasilApiFipeManager.swift; sourceTree = "<group>"; };
		56A8E37E2AF5AE5000FF2E0A /* BrasilApiFeriadosManager.swift */ = {isa = PBXFileReference; lastKnownFileType = sourcecode.swift; path = BrasilApiFeriadosManager.swift; sourceTree = "<group>"; };
		56A8E3802AF5AEB100FF2E0A /* BrasilApiDDDManager.swift */ = {isa = PBXFileReference; lastKnownFileType = sourcecode.swift; path = BrasilApiDDDManager.swift; sourceTree = "<group>"; };
		56A8E3822AF5AF0600FF2E0A /* BrasilApiCptecData.swift */ = {isa = PBXFileReference; lastKnownFileType = sourcecode.swift; path = BrasilApiCptecData.swift; sourceTree = "<group>"; };
		56A8E3842AF5B01F00FF2E0A /* BrasilApiCorretoraManager.swift */ = {isa = PBXFileReference; lastKnownFileType = sourcecode.swift; path = BrasilApiCorretoraManager.swift; sourceTree = "<group>"; };
		56A8E3862AF5B08100FF2E0A /* BrasilApiCnpjManager.swift */ = {isa = PBXFileReference; lastKnownFileType = sourcecode.swift; path = BrasilApiCnpjManager.swift; sourceTree = "<group>"; };
		56A8E3882AF5B0EB00FF2E0A /* BrasilApiCepManager.swift */ = {isa = PBXFileReference; lastKnownFileType = sourcecode.swift; path = BrasilApiCepManager.swift; sourceTree = "<group>"; };
		56A8E38A2AF5B14C00FF2E0A /* BrasilApiBankManager.swift */ = {isa = PBXFileReference; lastKnownFileType = sourcecode.swift; path = BrasilApiBankManager.swift; sourceTree = "<group>"; };
/* End PBXFileReference section */

/* Begin PBXFrameworksBuildPhase section */
		566DBADA2AF2EBFE005922ED /* Frameworks */ = {
			isa = PBXFrameworksBuildPhase;
			buildActionMask = 2147483647;
			files = (
			);
			runOnlyForDeploymentPostprocessing = 0;
		};
		566DBAF02AF2EC01005922ED /* Frameworks */ = {
			isa = PBXFrameworksBuildPhase;
			buildActionMask = 2147483647;
			files = (
			);
			runOnlyForDeploymentPostprocessing = 0;
		};
		566DBAFA2AF2EC01005922ED /* Frameworks */ = {
			isa = PBXFrameworksBuildPhase;
			buildActionMask = 2147483647;
			files = (
			);
			runOnlyForDeploymentPostprocessing = 0;
		};
/* End PBXFrameworksBuildPhase section */

/* Begin PBXGroup section */
		566DBAD42AF2EBFE005922ED = {
			isa = PBXGroup;
			children = (
				566DBADF2AF2EBFE005922ED /* BrasilApi */,
				566DBAF62AF2EC01005922ED /* BrasilApiTests */,
				566DBB002AF2EC01005922ED /* BrasilApiUITests */,
				566DBADE2AF2EBFE005922ED /* Products */,
			);
			sourceTree = "<group>";
		};
		566DBADE2AF2EBFE005922ED /* Products */ = {
			isa = PBXGroup;
			children = (
				566DBADD2AF2EBFE005922ED /* BrasilApi.app */,
				566DBAF32AF2EC01005922ED /* BrasilApiTests.xctest */,
				566DBAFD2AF2EC01005922ED /* BrasilApiUITests.xctest */,
			);
			name = Products;
			sourceTree = "<group>";
		};
		566DBADF2AF2EBFE005922ED /* BrasilApi */ = {
			isa = PBXGroup;
			children = (
				566DBB102AF2EC15005922ED /* Model */,
				566DBAE02AF2EBFE005922ED /* AppDelegate.swift */,
				566DBAE22AF2EBFE005922ED /* SceneDelegate.swift */,
				566DBAE42AF2EBFE005922ED /* ViewController.swift */,
				566DBAE62AF2EBFE005922ED /* Main.storyboard */,
				566DBAE92AF2EC01005922ED /* Assets.xcassets */,
				566DBAEB2AF2EC01005922ED /* LaunchScreen.storyboard */,
				566DBAEE2AF2EC01005922ED /* Info.plist */,
			);
			path = BrasilApi;
			sourceTree = "<group>";
		};
		566DBAF62AF2EC01005922ED /* BrasilApiTests */ = {
			isa = PBXGroup;
			children = (
				566DBAF72AF2EC01005922ED /* BrasilApiTests.swift */,
			);
			path = BrasilApiTests;
			sourceTree = "<group>";
		};
		566DBB002AF2EC01005922ED /* BrasilApiUITests */ = {
			isa = PBXGroup;
			children = (
				566DBB012AF2EC01005922ED /* BrasilApiUITests.swift */,
				566DBB032AF2EC01005922ED /* BrasilApiUITestsLaunchTests.swift */,
			);
			path = BrasilApiUITests;
			sourceTree = "<group>";
		};
		566DBB102AF2EC15005922ED /* Model */ = {
			isa = PBXGroup;
			children = (
				566DBB112AF2EC22005922ED /* BrasilApiManager.swift */,
				56A8E36D2AF5AB9000FF2E0A /* ModelTaxas */,
				56A8E36A2AF5AB2900FF2E0A /* ModelRegistroBr */,
				56A8E3672AF5AAD500FF2E0A /* ModelPIX */,
				56A8E3642AF5AA8500FF2E0A /* ModelNCM */,
				56A8E3612AF5A9C000FF2E0A /* ModelISBN */,
				56A8E35E2AF5A92B00FF2E0A /* ModelIBGE */,
				56A8E35B2AF5A85300FF2E0A /* ModelTabelaFIPE */,
				56A8E3582AF5A82C00FF2E0A /* ModelFeriados */,
				56A8E3552AF5A7FA00FF2E0A /* ModelDDD */,
				56A8E3522AF5A5E800FF2E0A /* ModelCPTEC */,
				56A8E34F2AF5A4E700FF2E0A /* ModelCorretora */,
				56A8E34C2AF5A24000FF2E0A /* ModelCNPJ */,
				56A8E3492AF5A14900FF2E0A /* ModelCEP */,
				56A8E3482AF5A13E00FF2E0A /* ModelBank */,
			);
			path = Model;
			sourceTree = "<group>";
		};
		56A8E3482AF5A13E00FF2E0A /* ModelBank */ = {
			isa = PBXGroup;
			children = (
				566DBB132AF2EC33005922ED /* BrasilBankData.swift */,
				56A8E38A2AF5B14C00FF2E0A /* BrasilApiBankManager.swift */,
			);
			path = ModelBank;
			sourceTree = "<group>";
		};
		56A8E3492AF5A14900FF2E0A /* ModelCEP */ = {
			isa = PBXGroup;
			children = (
				56A8E34A2AF5A16800FF2E0A /* BrasilCEPData.swift */,
				56A8E3882AF5B0EB00FF2E0A /* BrasilApiCepManager.swift */,
			);
			path = ModelCEP;
			sourceTree = "<group>";
		};
		56A8E34C2AF5A24000FF2E0A /* ModelCNPJ */ = {
			isa = PBXGroup;
			children = (
				56A8E34D2AF5A24F00FF2E0A /* BrasilCNPJData.swift */,
				56A8E3862AF5B08100FF2E0A /* BrasilApiCnpjManager.swift */,
			);
			path = ModelCNPJ;
			sourceTree = "<group>";
		};
		56A8E34F2AF5A4E700FF2E0A /* ModelCorretora */ = {
			isa = PBXGroup;
			children = (
				56A8E3502AF5A4FB00FF2E0A /* BrasilCorretoraData.swift */,
				56A8E3842AF5B01F00FF2E0A /* BrasilApiCorretoraManager.swift */,
			);
			path = ModelCorretora;
			sourceTree = "<group>";
		};
		56A8E3522AF5A5E800FF2E0A /* ModelCPTEC */ = {
			isa = PBXGroup;
			children = (
				56A8E3532AF5A60600FF2E0A /* BrasilCptecData.swift */,
				56A8E3822AF5AF0600FF2E0A /* BrasilApiCptecData.swift */,
			);
			path = ModelCPTEC;
			sourceTree = "<group>";
		};
		56A8E3552AF5A7FA00FF2E0A /* ModelDDD */ = {
			isa = PBXGroup;
			children = (
				56A8E3562AF5A80800FF2E0A /* BrasilDDDData.swift */,
				56A8E3802AF5AEB100FF2E0A /* BrasilApiDDDManager.swift */,
			);
			path = ModelDDD;
			sourceTree = "<group>";
		};
		56A8E3582AF5A82C00FF2E0A /* ModelFeriados */ = {
			isa = PBXGroup;
			children = (
				56A8E3592AF5A83900FF2E0A /* BrasilFeriados.swift */,
				56A8E37E2AF5AE5000FF2E0A /* BrasilApiFeriadosManager.swift */,
			);
			path = ModelFeriados;
			sourceTree = "<group>";
		};
		56A8E35B2AF5A85300FF2E0A /* ModelTabelaFIPE */ = {
			isa = PBXGroup;
			children = (
				56A8E35C2AF5A88400FF2E0A /* BrasilFIPEData.swift */,
				56A8E37C2AF5ADF600FF2E0A /* BrasilApiFipeManager.swift */,
			);
			path = ModelTabelaFIPE;
			sourceTree = "<group>";
		};
		56A8E35E2AF5A92B00FF2E0A /* ModelIBGE */ = {
			isa = PBXGroup;
			children = (
				56A8E35F2AF5A93800FF2E0A /* BrasilIBGEData.swift */,
				56A8E37A2AF5ADA600FF2E0A /* BrasilApiIBGEManager.swift */,
			);
			path = ModelIBGE;
			sourceTree = "<group>";
		};
		56A8E3612AF5A9C000FF2E0A /* ModelISBN */ = {
			isa = PBXGroup;
			children = (
				56A8E3622AF5A9CE00FF2E0A /* BrasilISBNData.swift */,
				56A8E3782AF5AD5A00FF2E0A /* BrasilApiISBNManager.swift */,
			);
			path = ModelISBN;
			sourceTree = "<group>";
		};
		56A8E3642AF5AA8500FF2E0A /* ModelNCM */ = {
			isa = PBXGroup;
			children = (
				56A8E3652AF5AA9600FF2E0A /* BrasilNCMData.swift */,
				56A8E3762AF5AD0900FF2E0A /* BrasilApiNCMManager.swift */,
			);
			path = ModelNCM;
			sourceTree = "<group>";
		};
		56A8E3672AF5AAD500FF2E0A /* ModelPIX */ = {
			isa = PBXGroup;
			children = (
				56A8E3682AF5AAE400FF2E0A /* BrasilPIXData.swift */,
				56A8E3742AF5ACB600FF2E0A /* BrasilApiPixManager.swift */,
			);
			path = ModelPIX;
			sourceTree = "<group>";
		};
		56A8E36A2AF5AB2900FF2E0A /* ModelRegistroBr */ = {
			isa = PBXGroup;
			children = (
				56A8E36B2AF5AB3800FF2E0A /* BrasilRegistroBrData.swift */,
				56A8E3722AF5AC4400FF2E0A /* BrasilApiRegistroBrManager.swift */,
			);
			path = ModelRegistroBr;
			sourceTree = "<group>";
		};
		56A8E36D2AF5AB9000FF2E0A /* ModelTaxas */ = {
			isa = PBXGroup;
			children = (
				56A8E36E2AF5AB9C00FF2E0A /* BrasilTaxasData.swift */,
				56A8E3702AF5ABF300FF2E0A /* BrasilApiTaxasManager.swift */,
			);
			path = ModelTaxas;
			sourceTree = "<group>";
		};
/* End PBXGroup section */

/* Begin PBXNativeTarget section */
		566DBADC2AF2EBFE005922ED /* BrasilApi */ = {
			isa = PBXNativeTarget;
			buildConfigurationList = 566DBB072AF2EC01005922ED /* Build configuration list for PBXNativeTarget "BrasilApi" */;
			buildPhases = (
				566DBAD92AF2EBFE005922ED /* Sources */,
				566DBADA2AF2EBFE005922ED /* Frameworks */,
				566DBADB2AF2EBFE005922ED /* Resources */,
			);
			buildRules = (
			);
			dependencies = (
			);
			name = BrasilApi;
			productName = BrasilApi;
			productReference = 566DBADD2AF2EBFE005922ED /* BrasilApi.app */;
			productType = "com.apple.product-type.application";
		};
		566DBAF22AF2EC01005922ED /* BrasilApiTests */ = {
			isa = PBXNativeTarget;
			buildConfigurationList = 566DBB0A2AF2EC01005922ED /* Build configuration list for PBXNativeTarget "BrasilApiTests" */;
			buildPhases = (
				566DBAEF2AF2EC01005922ED /* Sources */,
				566DBAF02AF2EC01005922ED /* Frameworks */,
				566DBAF12AF2EC01005922ED /* Resources */,
			);
			buildRules = (
			);
			dependencies = (
				566DBAF52AF2EC01005922ED /* PBXTargetDependency */,
			);
			name = BrasilApiTests;
			productName = BrasilApiTests;
			productReference = 566DBAF32AF2EC01005922ED /* BrasilApiTests.xctest */;
			productType = "com.apple.product-type.bundle.unit-test";
		};
		566DBAFC2AF2EC01005922ED /* BrasilApiUITests */ = {
			isa = PBXNativeTarget;
			buildConfigurationList = 566DBB0D2AF2EC01005922ED /* Build configuration list for PBXNativeTarget "BrasilApiUITests" */;
			buildPhases = (
				566DBAF92AF2EC01005922ED /* Sources */,
				566DBAFA2AF2EC01005922ED /* Frameworks */,
				566DBAFB2AF2EC01005922ED /* Resources */,
			);
			buildRules = (
			);
			dependencies = (
				566DBAFF2AF2EC01005922ED /* PBXTargetDependency */,
			);
			name = BrasilApiUITests;
			productName = BrasilApiUITests;
			productReference = 566DBAFD2AF2EC01005922ED /* BrasilApiUITests.xctest */;
			productType = "com.apple.product-type.bundle.ui-testing";
		};
/* End PBXNativeTarget section */

/* Begin PBXProject section */
		566DBAD52AF2EBFE005922ED /* Project object */ = {
			isa = PBXProject;
			attributes = {
				BuildIndependentTargetsInParallel = 1;
				LastSwiftUpdateCheck = 1500;
				LastUpgradeCheck = 1500;
				TargetAttributes = {
					566DBADC2AF2EBFE005922ED = {
						CreatedOnToolsVersion = 15.0.1;
					};
					566DBAF22AF2EC01005922ED = {
						CreatedOnToolsVersion = 15.0.1;
						TestTargetID = 566DBADC2AF2EBFE005922ED;
					};
					566DBAFC2AF2EC01005922ED = {
						CreatedOnToolsVersion = 15.0.1;
						TestTargetID = 566DBADC2AF2EBFE005922ED;
					};
				};
			};
			buildConfigurationList = 566DBAD82AF2EBFE005922ED /* Build configuration list for PBXProject "BrasilApi" */;
			compatibilityVersion = "Xcode 14.0";
			developmentRegion = en;
			hasScannedForEncodings = 0;
			knownRegions = (
				en,
				Base,
			);
			mainGroup = 566DBAD42AF2EBFE005922ED;
			productRefGroup = 566DBADE2AF2EBFE005922ED /* Products */;
			projectDirPath = "";
			projectRoot = "";
			targets = (
				566DBADC2AF2EBFE005922ED /* BrasilApi */,
				566DBAF22AF2EC01005922ED /* BrasilApiTests */,
				566DBAFC2AF2EC01005922ED /* BrasilApiUITests */,
			);
		};
/* End PBXProject section */

/* Begin PBXResourcesBuildPhase section */
		566DBADB2AF2EBFE005922ED /* Resources */ = {
			isa = PBXResourcesBuildPhase;
			buildActionMask = 2147483647;
			files = (
				566DBAED2AF2EC01005922ED /* LaunchScreen.storyboard in Resources */,
				566DBAEA2AF2EC01005922ED /* Assets.xcassets in Resources */,
				566DBAE82AF2EBFE005922ED /* Main.storyboard in Resources */,
			);
			runOnlyForDeploymentPostprocessing = 0;
		};
		566DBAF12AF2EC01005922ED /* Resources */ = {
			isa = PBXResourcesBuildPhase;
			buildActionMask = 2147483647;
			files = (
			);
			runOnlyForDeploymentPostprocessing = 0;
		};
		566DBAFB2AF2EC01005922ED /* Resources */ = {
			isa = PBXResourcesBuildPhase;
			buildActionMask = 2147483647;
			files = (
			);
			runOnlyForDeploymentPostprocessing = 0;
		};
/* End PBXResourcesBuildPhase section */

/* Begin PBXSourcesBuildPhase section */
		566DBAD92AF2EBFE005922ED /* Sources */ = {
			isa = PBXSourcesBuildPhase;
			buildActionMask = 2147483647;
			files = (
				566DBAE52AF2EBFE005922ED /* ViewController.swift in Sources */,
				56A8E35A2AF5A83900FF2E0A /* BrasilFeriados.swift in Sources */,
				56A8E37F2AF5AE5000FF2E0A /* BrasilApiFeriadosManager.swift in Sources */,
				56A8E38B2AF5B14C00FF2E0A /* BrasilApiBankManager.swift in Sources */,
				56A8E3832AF5AF0600FF2E0A /* BrasilApiCptecData.swift in Sources */,
				56A8E3632AF5A9CE00FF2E0A /* BrasilISBNData.swift in Sources */,
				56A8E3572AF5A80800FF2E0A /* BrasilDDDData.swift in Sources */,
				56A8E3732AF5AC4400FF2E0A /* BrasilApiRegistroBrManager.swift in Sources */,
				56A8E36C2AF5AB3800FF2E0A /* BrasilRegistroBrData.swift in Sources */,
				56A8E3772AF5AD0900FF2E0A /* BrasilApiNCMManager.swift in Sources */,
				56A8E3542AF5A60600FF2E0A /* BrasilCptecData.swift in Sources */,
				56A8E34B2AF5A16800FF2E0A /* BrasilCEPData.swift in Sources */,
				56A8E3692AF5AAE400FF2E0A /* BrasilPIXData.swift in Sources */,
				56A8E34E2AF5A24F00FF2E0A /* BrasilCNPJData.swift in Sources */,
				566DBAE12AF2EBFE005922ED /* AppDelegate.swift in Sources */,
				56A8E36F2AF5AB9C00FF2E0A /* BrasilTaxasData.swift in Sources */,
				56A8E3602AF5A93800FF2E0A /* BrasilIBGEData.swift in Sources */,
				56A8E3852AF5B01F00FF2E0A /* BrasilApiCorretoraManager.swift in Sources */,
				56A8E3512AF5A4FB00FF2E0A /* BrasilCorretoraData.swift in Sources */,
				56A8E3872AF5B08100FF2E0A /* BrasilApiCnpjManager.swift in Sources */,
				56A8E3792AF5AD5A00FF2E0A /* BrasilApiISBNManager.swift in Sources */,
				56A8E3752AF5ACB600FF2E0A /* BrasilApiPixManager.swift in Sources */,
				56A8E3712AF5ABF300FF2E0A /* BrasilApiTaxasManager.swift in Sources */,
				566DBAE32AF2EBFE005922ED /* SceneDelegate.swift in Sources */,
				566DBB142AF2EC33005922ED /* BrasilBankData.swift in Sources */,
				56A8E35D2AF5A88400FF2E0A /* BrasilFIPEData.swift in Sources */,
				56A8E3812AF5AEB100FF2E0A /* BrasilApiDDDManager.swift in Sources */,
				56A8E37D2AF5ADF600FF2E0A /* BrasilApiFipeManager.swift in Sources */,
				56A8E3662AF5AA9600FF2E0A /* BrasilNCMData.swift in Sources */,
				56A8E37B2AF5ADA600FF2E0A /* BrasilApiIBGEManager.swift in Sources */,
				56A8E3892AF5B0EB00FF2E0A /* BrasilApiCepManager.swift in Sources */,
				566DBB122AF2EC22005922ED /* BrasilApiManager.swift in Sources */,
			);
			runOnlyForDeploymentPostprocessing = 0;
		};
		566DBAEF2AF2EC01005922ED /* Sources */ = {
			isa = PBXSourcesBuildPhase;
			buildActionMask = 2147483647;
			files = (
				566DBAF82AF2EC01005922ED /* BrasilApiTests.swift in Sources */,
			);
			runOnlyForDeploymentPostprocessing = 0;
		};
		566DBAF92AF2EC01005922ED /* Sources */ = {
			isa = PBXSourcesBuildPhase;
			buildActionMask = 2147483647;
			files = (
				566DBB042AF2EC01005922ED /* BrasilApiUITestsLaunchTests.swift in Sources */,
				566DBB022AF2EC01005922ED /* BrasilApiUITests.swift in Sources */,
			);
			runOnlyForDeploymentPostprocessing = 0;
		};
/* End PBXSourcesBuildPhase section */

/* Begin PBXTargetDependency section */
		566DBAF52AF2EC01005922ED /* PBXTargetDependency */ = {
			isa = PBXTargetDependency;
			target = 566DBADC2AF2EBFE005922ED /* BrasilApi */;
			targetProxy = 566DBAF42AF2EC01005922ED /* PBXContainerItemProxy */;
		};
		566DBAFF2AF2EC01005922ED /* PBXTargetDependency */ = {
			isa = PBXTargetDependency;
			target = 566DBADC2AF2EBFE005922ED /* BrasilApi */;
			targetProxy = 566DBAFE2AF2EC01005922ED /* PBXContainerItemProxy */;
		};
/* End PBXTargetDependency section */

/* Begin PBXVariantGroup section */
		566DBAE62AF2EBFE005922ED /* Main.storyboard */ = {
			isa = PBXVariantGroup;
			children = (
				566DBAE72AF2EBFE005922ED /* Base */,
			);
			name = Main.storyboard;
			sourceTree = "<group>";
		};
		566DBAEB2AF2EC01005922ED /* LaunchScreen.storyboard */ = {
			isa = PBXVariantGroup;
			children = (
				566DBAEC2AF2EC01005922ED /* Base */,
			);
			name = LaunchScreen.storyboard;
			sourceTree = "<group>";
		};
/* End PBXVariantGroup section */

/* Begin XCBuildConfiguration section */
		566DBB052AF2EC01005922ED /* Debug */ = {
			isa = XCBuildConfiguration;
			buildSettings = {
				ALWAYS_SEARCH_USER_PATHS = NO;
				ASSETCATALOG_COMPILER_GENERATE_SWIFT_ASSET_SYMBOL_EXTENSIONS = YES;
				CLANG_ANALYZER_NONNULL = YES;
				CLANG_ANALYZER_NUMBER_OBJECT_CONVERSION = YES_AGGRESSIVE;
				CLANG_CXX_LANGUAGE_STANDARD = "gnu++20";
				CLANG_ENABLE_MODULES = YES;
				CLANG_ENABLE_OBJC_ARC = YES;
				CLANG_ENABLE_OBJC_WEAK = YES;
				CLANG_WARN_BLOCK_CAPTURE_AUTORELEASING = YES;
				CLANG_WARN_BOOL_CONVERSION = YES;
				CLANG_WARN_COMMA = YES;
				CLANG_WARN_CONSTANT_CONVERSION = YES;
				CLANG_WARN_DEPRECATED_OBJC_IMPLEMENTATIONS = YES;
				CLANG_WARN_DIRECT_OBJC_ISA_USAGE = YES_ERROR;
				CLANG_WARN_DOCUMENTATION_COMMENTS = YES;
				CLANG_WARN_EMPTY_BODY = YES;
				CLANG_WARN_ENUM_CONVERSION = YES;
				CLANG_WARN_INFINITE_RECURSION = YES;
				CLANG_WARN_INT_CONVERSION = YES;
				CLANG_WARN_NON_LITERAL_NULL_CONVERSION = YES;
				CLANG_WARN_OBJC_IMPLICIT_RETAIN_SELF = YES;
				CLANG_WARN_OBJC_LITERAL_CONVERSION = YES;
				CLANG_WARN_OBJC_ROOT_CLASS = YES_ERROR;
				CLANG_WARN_QUOTED_INCLUDE_IN_FRAMEWORK_HEADER = YES;
				CLANG_WARN_RANGE_LOOP_ANALYSIS = YES;
				CLANG_WARN_STRICT_PROTOTYPES = YES;
				CLANG_WARN_SUSPICIOUS_MOVE = YES;
				CLANG_WARN_UNGUARDED_AVAILABILITY = YES_AGGRESSIVE;
				CLANG_WARN_UNREACHABLE_CODE = YES;
				CLANG_WARN__DUPLICATE_METHOD_MATCH = YES;
				COPY_PHASE_STRIP = NO;
				DEBUG_INFORMATION_FORMAT = dwarf;
				ENABLE_STRICT_OBJC_MSGSEND = YES;
				ENABLE_TESTABILITY = YES;
				ENABLE_USER_SCRIPT_SANDBOXING = YES;
				GCC_C_LANGUAGE_STANDARD = gnu17;
				GCC_DYNAMIC_NO_PIC = NO;
				GCC_NO_COMMON_BLOCKS = YES;
				GCC_OPTIMIZATION_LEVEL = 0;
				GCC_PREPROCESSOR_DEFINITIONS = (
					"DEBUG=1",
					"$(inherited)",
				);
				GCC_WARN_64_TO_32_BIT_CONVERSION = YES;
				GCC_WARN_ABOUT_RETURN_TYPE = YES_ERROR;
				GCC_WARN_UNDECLARED_SELECTOR = YES;
				GCC_WARN_UNINITIALIZED_AUTOS = YES_AGGRESSIVE;
				GCC_WARN_UNUSED_FUNCTION = YES;
				GCC_WARN_UNUSED_VARIABLE = YES;
				IPHONEOS_DEPLOYMENT_TARGET = 17.0;
				LOCALIZATION_PREFERS_STRING_CATALOGS = YES;
				MTL_ENABLE_DEBUG_INFO = INCLUDE_SOURCE;
				MTL_FAST_MATH = YES;
				ONLY_ACTIVE_ARCH = YES;
				SDKROOT = iphoneos;
				SWIFT_ACTIVE_COMPILATION_CONDITIONS = "DEBUG $(inherited)";
				SWIFT_OPTIMIZATION_LEVEL = "-Onone";
			};
			name = Debug;
		};
		566DBB062AF2EC01005922ED /* Release */ = {
			isa = XCBuildConfiguration;
			buildSettings = {
				ALWAYS_SEARCH_USER_PATHS = NO;
				ASSETCATALOG_COMPILER_GENERATE_SWIFT_ASSET_SYMBOL_EXTENSIONS = YES;
				CLANG_ANALYZER_NONNULL = YES;
				CLANG_ANALYZER_NUMBER_OBJECT_CONVERSION = YES_AGGRESSIVE;
				CLANG_CXX_LANGUAGE_STANDARD = "gnu++20";
				CLANG_ENABLE_MODULES = YES;
				CLANG_ENABLE_OBJC_ARC = YES;
				CLANG_ENABLE_OBJC_WEAK = YES;
				CLANG_WARN_BLOCK_CAPTURE_AUTORELEASING = YES;
				CLANG_WARN_BOOL_CONVERSION = YES;
				CLANG_WARN_COMMA = YES;
				CLANG_WARN_CONSTANT_CONVERSION = YES;
				CLANG_WARN_DEPRECATED_OBJC_IMPLEMENTATIONS = YES;
				CLANG_WARN_DIRECT_OBJC_ISA_USAGE = YES_ERROR;
				CLANG_WARN_DOCUMENTATION_COMMENTS = YES;
				CLANG_WARN_EMPTY_BODY = YES;
				CLANG_WARN_ENUM_CONVERSION = YES;
				CLANG_WARN_INFINITE_RECURSION = YES;
				CLANG_WARN_INT_CONVERSION = YES;
				CLANG_WARN_NON_LITERAL_NULL_CONVERSION = YES;
				CLANG_WARN_OBJC_IMPLICIT_RETAIN_SELF = YES;
				CLANG_WARN_OBJC_LITERAL_CONVERSION = YES;
				CLANG_WARN_OBJC_ROOT_CLASS = YES_ERROR;
				CLANG_WARN_QUOTED_INCLUDE_IN_FRAMEWORK_HEADER = YES;
				CLANG_WARN_RANGE_LOOP_ANALYSIS = YES;
				CLANG_WARN_STRICT_PROTOTYPES = YES;
				CLANG_WARN_SUSPICIOUS_MOVE = YES;
				CLANG_WARN_UNGUARDED_AVAILABILITY = YES_AGGRESSIVE;
				CLANG_WARN_UNREACHABLE_CODE = YES;
				CLANG_WARN__DUPLICATE_METHOD_MATCH = YES;
				COPY_PHASE_STRIP = NO;
				DEBUG_INFORMATION_FORMAT = "dwarf-with-dsym";
				ENABLE_NS_ASSERTIONS = NO;
				ENABLE_STRICT_OBJC_MSGSEND = YES;
				ENABLE_USER_SCRIPT_SANDBOXING = YES;
				GCC_C_LANGUAGE_STANDARD = gnu17;
				GCC_NO_COMMON_BLOCKS = YES;
				GCC_WARN_64_TO_32_BIT_CONVERSION = YES;
				GCC_WARN_ABOUT_RETURN_TYPE = YES_ERROR;
				GCC_WARN_UNDECLARED_SELECTOR = YES;
				GCC_WARN_UNINITIALIZED_AUTOS = YES_AGGRESSIVE;
				GCC_WARN_UNUSED_FUNCTION = YES;
				GCC_WARN_UNUSED_VARIABLE = YES;
				IPHONEOS_DEPLOYMENT_TARGET = 17.0;
				LOCALIZATION_PREFERS_STRING_CATALOGS = YES;
				MTL_ENABLE_DEBUG_INFO = NO;
				MTL_FAST_MATH = YES;
				SDKROOT = iphoneos;
				SWIFT_COMPILATION_MODE = wholemodule;
				VALIDATE_PRODUCT = YES;
			};
			name = Release;
		};
		566DBB082AF2EC01005922ED /* Debug */ = {
			isa = XCBuildConfiguration;
			buildSettings = {
				ASSETCATALOG_COMPILER_APPICON_NAME = AppIcon;
				ASSETCATALOG_COMPILER_GLOBAL_ACCENT_COLOR_NAME = AccentColor;
				CODE_SIGN_STYLE = Automatic;
				CURRENT_PROJECT_VERSION = 1;
				DEVELOPMENT_TEAM = VXF37T9QF4;
				GENERATE_INFOPLIST_FILE = YES;
				INFOPLIST_FILE = BrasilApi/Info.plist;
				INFOPLIST_KEY_UIApplicationSupportsIndirectInputEvents = YES;
				INFOPLIST_KEY_UILaunchStoryboardName = LaunchScreen;
				INFOPLIST_KEY_UIMainStoryboardFile = Main;
				INFOPLIST_KEY_UISupportedInterfaceOrientations_iPad = "UIInterfaceOrientationPortrait UIInterfaceOrientationPortraitUpsideDown UIInterfaceOrientationLandscapeLeft UIInterfaceOrientationLandscapeRight";
				INFOPLIST_KEY_UISupportedInterfaceOrientations_iPhone = "UIInterfaceOrientationPortrait UIInterfaceOrientationLandscapeLeft UIInterfaceOrientationLandscapeRight";
				LD_RUNPATH_SEARCH_PATHS = (
					"$(inherited)",
					"@executable_path/Frameworks",
				);
				MARKETING_VERSION = 1.0;
				PRODUCT_BUNDLE_IDENTIFIER = com.danielWashington.BrasilApi;
				PRODUCT_NAME = "$(TARGET_NAME)";
				SWIFT_EMIT_LOC_STRINGS = YES;
				SWIFT_VERSION = 5.0;
				TARGETED_DEVICE_FAMILY = "1,2";
			};
			name = Debug;
		};
		566DBB092AF2EC01005922ED /* Release */ = {
			isa = XCBuildConfiguration;
			buildSettings = {
				ASSETCATALOG_COMPILER_APPICON_NAME = AppIcon;
				ASSETCATALOG_COMPILER_GLOBAL_ACCENT_COLOR_NAME = AccentColor;
				CODE_SIGN_STYLE = Automatic;
				CURRENT_PROJECT_VERSION = 1;
				DEVELOPMENT_TEAM = VXF37T9QF4;
				GENERATE_INFOPLIST_FILE = YES;
				INFOPLIST_FILE = BrasilApi/Info.plist;
				INFOPLIST_KEY_UIApplicationSupportsIndirectInputEvents = YES;
				INFOPLIST_KEY_UILaunchStoryboardName = LaunchScreen;
				INFOPLIST_KEY_UIMainStoryboardFile = Main;
				INFOPLIST_KEY_UISupportedInterfaceOrientations_iPad = "UIInterfaceOrientationPortrait UIInterfaceOrientationPortraitUpsideDown UIInterfaceOrientationLandscapeLeft UIInterfaceOrientationLandscapeRight";
				INFOPLIST_KEY_UISupportedInterfaceOrientations_iPhone = "UIInterfaceOrientationPortrait UIInterfaceOrientationLandscapeLeft UIInterfaceOrientationLandscapeRight";
				LD_RUNPATH_SEARCH_PATHS = (
					"$(inherited)",
					"@executable_path/Frameworks",
				);
				MARKETING_VERSION = 1.0;
				PRODUCT_BUNDLE_IDENTIFIER = com.danielWashington.BrasilApi;
				PRODUCT_NAME = "$(TARGET_NAME)";
				SWIFT_EMIT_LOC_STRINGS = YES;
				SWIFT_VERSION = 5.0;
				TARGETED_DEVICE_FAMILY = "1,2";
			};
			name = Release;
		};
		566DBB0B2AF2EC01005922ED /* Debug */ = {
			isa = XCBuildConfiguration;
			buildSettings = {
				ALWAYS_EMBED_SWIFT_STANDARD_LIBRARIES = YES;
				BUNDLE_LOADER = "$(TEST_HOST)";
				CODE_SIGN_STYLE = Automatic;
				CURRENT_PROJECT_VERSION = 1;
				DEVELOPMENT_TEAM = VXF37T9QF4;
				GENERATE_INFOPLIST_FILE = YES;
				IPHONEOS_DEPLOYMENT_TARGET = 17.0;
				MARKETING_VERSION = 1.0;
				PRODUCT_BUNDLE_IDENTIFIER = com.danielWashington.BrasilApiTests;
				PRODUCT_NAME = "$(TARGET_NAME)";
				SWIFT_EMIT_LOC_STRINGS = NO;
				SWIFT_VERSION = 5.0;
				TARGETED_DEVICE_FAMILY = "1,2";
				TEST_HOST = "$(BUILT_PRODUCTS_DIR)/BrasilApi.app/$(BUNDLE_EXECUTABLE_FOLDER_PATH)/BrasilApi";
			};
			name = Debug;
		};
		566DBB0C2AF2EC01005922ED /* Release */ = {
			isa = XCBuildConfiguration;
			buildSettings = {
				ALWAYS_EMBED_SWIFT_STANDARD_LIBRARIES = YES;
				BUNDLE_LOADER = "$(TEST_HOST)";
				CODE_SIGN_STYLE = Automatic;
				CURRENT_PROJECT_VERSION = 1;
				DEVELOPMENT_TEAM = VXF37T9QF4;
				GENERATE_INFOPLIST_FILE = YES;
				IPHONEOS_DEPLOYMENT_TARGET = 17.0;
				MARKETING_VERSION = 1.0;
				PRODUCT_BUNDLE_IDENTIFIER = com.danielWashington.BrasilApiTests;
				PRODUCT_NAME = "$(TARGET_NAME)";
				SWIFT_EMIT_LOC_STRINGS = NO;
				SWIFT_VERSION = 5.0;
				TARGETED_DEVICE_FAMILY = "1,2";
				TEST_HOST = "$(BUILT_PRODUCTS_DIR)/BrasilApi.app/$(BUNDLE_EXECUTABLE_FOLDER_PATH)/BrasilApi";
			};
			name = Release;
		};
		566DBB0E2AF2EC01005922ED /* Debug */ = {
			isa = XCBuildConfiguration;
			buildSettings = {
				ALWAYS_EMBED_SWIFT_STANDARD_LIBRARIES = YES;
				CODE_SIGN_STYLE = Automatic;
				CURRENT_PROJECT_VERSION = 1;
				DEVELOPMENT_TEAM = VXF37T9QF4;
				GENERATE_INFOPLIST_FILE = YES;
				MARKETING_VERSION = 1.0;
				PRODUCT_BUNDLE_IDENTIFIER = com.danielWashington.BrasilApiUITests;
				PRODUCT_NAME = "$(TARGET_NAME)";
				SWIFT_EMIT_LOC_STRINGS = NO;
				SWIFT_VERSION = 5.0;
				TARGETED_DEVICE_FAMILY = "1,2";
				TEST_TARGET_NAME = BrasilApi;
			};
			name = Debug;
		};
		566DBB0F2AF2EC01005922ED /* Release */ = {
			isa = XCBuildConfiguration;
			buildSettings = {
				ALWAYS_EMBED_SWIFT_STANDARD_LIBRARIES = YES;
				CODE_SIGN_STYLE = Automatic;
				CURRENT_PROJECT_VERSION = 1;
				DEVELOPMENT_TEAM = VXF37T9QF4;
				GENERATE_INFOPLIST_FILE = YES;
				MARKETING_VERSION = 1.0;
				PRODUCT_BUNDLE_IDENTIFIER = com.danielWashington.BrasilApiUITests;
				PRODUCT_NAME = "$(TARGET_NAME)";
				SWIFT_EMIT_LOC_STRINGS = NO;
				SWIFT_VERSION = 5.0;
				TARGETED_DEVICE_FAMILY = "1,2";
				TEST_TARGET_NAME = BrasilApi;
			};
			name = Release;
		};
/* End XCBuildConfiguration section */

/* Begin XCConfigurationList section */
		566DBAD82AF2EBFE005922ED /* Build configuration list for PBXProject "BrasilApi" */ = {
			isa = XCConfigurationList;
			buildConfigurations = (
				566DBB052AF2EC01005922ED /* Debug */,
				566DBB062AF2EC01005922ED /* Release */,
			);
			defaultConfigurationIsVisible = 0;
			defaultConfigurationName = Release;
		};
		566DBB072AF2EC01005922ED /* Build configuration list for PBXNativeTarget "BrasilApi" */ = {
			isa = XCConfigurationList;
			buildConfigurations = (
				566DBB082AF2EC01005922ED /* Debug */,
				566DBB092AF2EC01005922ED /* Release */,
			);
			defaultConfigurationIsVisible = 0;
			defaultConfigurationName = Release;
		};
		566DBB0A2AF2EC01005922ED /* Build configuration list for PBXNativeTarget "BrasilApiTests" */ = {
			isa = XCConfigurationList;
			buildConfigurations = (
				566DBB0B2AF2EC01005922ED /* Debug */,
				566DBB0C2AF2EC01005922ED /* Release */,
			);
			defaultConfigurationIsVisible = 0;
			defaultConfigurationName = Release;
		};
		566DBB0D2AF2EC01005922ED /* Build configuration list for PBXNativeTarget "BrasilApiUITests" */ = {
			isa = XCConfigurationList;
			buildConfigurations = (
				566DBB0E2AF2EC01005922ED /* Debug */,
				566DBB0F2AF2EC01005922ED /* Release */,
			);
			defaultConfigurationIsVisible = 0;
			defaultConfigurationName = Release;
		};
/* End XCConfigurationList section */
	};
	rootObject = 566DBAD52AF2EBFE005922ED /* Project object */;
}
